// !$*UTF8*$!
{
	archiveVersion = 1;
	classes = {
	};
	objectVersion = 77;
	objects = {

/* Begin PBXContainerItemProxy section */
		3C3A0F152D5BF49500666F29 /* PBXContainerItemProxy */ = {
			isa = PBXContainerItemProxy;
			containerPortal = 3C3A0EFC2D5BF49400666F29 /* Project object */;
			proxyType = 1;
			remoteGlobalIDString = 3C3A0F032D5BF49400666F29;
			remoteInfo = "Sweet Memories";
		};
		3C3A0F1F2D5BF49500666F29 /* PBXContainerItemProxy */ = {
			isa = PBXContainerItemProxy;
			containerPortal = 3C3A0EFC2D5BF49400666F29 /* Project object */;
			proxyType = 1;
			remoteGlobalIDString = 3C3A0F032D5BF49400666F29;
			remoteInfo = "Sweet Memories";
		};
/* End PBXContainerItemProxy section */

/* Begin PBXFileReference section */
		3C3A0F042D5BF49400666F29 /* Sweet Memories.app */ = {isa = PBXFileReference; explicitFileType = wrapper.application; includeInIndex = 0; path = "Sweet Memories.app"; sourceTree = BUILT_PRODUCTS_DIR; };
		3C3A0F142D5BF49500666F29 /* Sweet MemoriesTests.xctest */ = {isa = PBXFileReference; explicitFileType = wrapper.cfbundle; includeInIndex = 0; path = "Sweet MemoriesTests.xctest"; sourceTree = BUILT_PRODUCTS_DIR; };
		3C3A0F1E2D5BF49500666F29 /* Sweet MemoriesUITests.xctest */ = {isa = PBXFileReference; explicitFileType = wrapper.cfbundle; includeInIndex = 0; path = "Sweet MemoriesUITests.xctest"; sourceTree = BUILT_PRODUCTS_DIR; };
/* End PBXFileReference section */

/* Begin PBXFileSystemSynchronizedRootGroup section */
		3C3A0F062D5BF49400666F29 /* Sweet Memories */ = {
			isa = PBXFileSystemSynchronizedRootGroup;
			path = "Sweet Memories";
			sourceTree = "<group>";
		};
		3C3A0F172D5BF49500666F29 /* Sweet MemoriesTests */ = {
			isa = PBXFileSystemSynchronizedRootGroup;
			path = "Sweet MemoriesTests";
			sourceTree = "<group>";
		};
		3C3A0F212D5BF49500666F29 /* Sweet MemoriesUITests */ = {
			isa = PBXFileSystemSynchronizedRootGroup;
			path = "Sweet MemoriesUITests";
			sourceTree = "<group>";
		};
/* End PBXFileSystemSynchronizedRootGroup section */

/* Begin PBXFrameworksBuildPhase section */
		3C3A0F012D5BF49400666F29 /* Frameworks */ = {
			isa = PBXFrameworksBuildPhase;
			buildActionMask = 2147483647;
			files = (
			);
			runOnlyForDeploymentPostprocessing = 0;
		};
		3C3A0F112D5BF49500666F29 /* Frameworks */ = {
			isa = PBXFrameworksBuildPhase;
			buildActionMask = 2147483647;
			files = (
			);
			runOnlyForDeploymentPostprocessing = 0;
		};
		3C3A0F1B2D5BF49500666F29 /* Frameworks */ = {
			isa = PBXFrameworksBuildPhase;
			buildActionMask = 2147483647;
			files = (
			);
			runOnlyForDeploymentPostprocessing = 0;
		};
/* End PBXFrameworksBuildPhase section */

/* Begin PBXGroup section */
		3C3A0EFB2D5BF49400666F29 = {
			isa = PBXGroup;
			children = (
				3C3A0F062D5BF49400666F29 /* Sweet Memories */,
				3C3A0F172D5BF49500666F29 /* Sweet MemoriesTests */,
				3C3A0F212D5BF49500666F29 /* Sweet MemoriesUITests */,
				3C3A0F052D5BF49400666F29 /* Products */,
			);
			sourceTree = "<group>";
		};
		3C3A0F052D5BF49400666F29 /* Products */ = {
			isa = PBXGroup;
			children = (
				3C3A0F042D5BF49400666F29 /* Sweet Memories.app */,
				3C3A0F142D5BF49500666F29 /* Sweet MemoriesTests.xctest */,
				3C3A0F1E2D5BF49500666F29 /* Sweet MemoriesUITests.xctest */,
			);
			name = Products;
			sourceTree = "<group>";
		};
/* End PBXGroup section */

/* Begin PBXNativeTarget section */
		3C3A0F032D5BF49400666F29 /* Sweet Memories */ = {
			isa = PBXNativeTarget;
			buildConfigurationList = 3C3A0F282D5BF49500666F29 /* Build configuration list for PBXNativeTarget "Sweet Memories" */;
			buildPhases = (
				3C3A0F002D5BF49400666F29 /* Sources */,
				3C3A0F012D5BF49400666F29 /* Frameworks */,
				3C3A0F022D5BF49400666F29 /* Resources */,
			);
			buildRules = (
			);
			dependencies = (
			);
			fileSystemSynchronizedGroups = (
				3C3A0F062D5BF49400666F29 /* Sweet Memories */,
			);
			name = "Sweet Memories";
			packageProductDependencies = (
			);
			productName = "Sweet Memories";
			productReference = 3C3A0F042D5BF49400666F29 /* Sweet Memories.app */;
			productType = "com.apple.product-type.application";
		};
		3C3A0F132D5BF49500666F29 /* Sweet MemoriesTests */ = {
			isa = PBXNativeTarget;
			buildConfigurationList = 3C3A0F2B2D5BF49500666F29 /* Build configuration list for PBXNativeTarget "Sweet MemoriesTests" */;
			buildPhases = (
				3C3A0F102D5BF49500666F29 /* Sources */,
				3C3A0F112D5BF49500666F29 /* Frameworks */,
				3C3A0F122D5BF49500666F29 /* Resources */,
			);
			buildRules = (
			);
			dependencies = (
				3C3A0F162D5BF49500666F29 /* PBXTargetDependency */,
			);
			fileSystemSynchronizedGroups = (
				3C3A0F172D5BF49500666F29 /* Sweet MemoriesTests */,
			);
			name = "Sweet MemoriesTests";
			packageProductDependencies = (
			);
			productName = "Sweet MemoriesTests";
			productReference = 3C3A0F142D5BF49500666F29 /* Sweet MemoriesTests.xctest */;
			productType = "com.apple.product-type.bundle.unit-test";
		};
		3C3A0F1D2D5BF49500666F29 /* Sweet MemoriesUITests */ = {
			isa = PBXNativeTarget;
			buildConfigurationList = 3C3A0F2E2D5BF49500666F29 /* Build configuration list for PBXNativeTarget "Sweet MemoriesUITests" */;
			buildPhases = (
				3C3A0F1A2D5BF49500666F29 /* Sources */,
				3C3A0F1B2D5BF49500666F29 /* Frameworks */,
				3C3A0F1C2D5BF49500666F29 /* Resources */,
			);
			buildRules = (
			);
			dependencies = (
				3C3A0F202D5BF49500666F29 /* PBXTargetDependency */,
			);
			fileSystemSynchronizedGroups = (
				3C3A0F212D5BF49500666F29 /* Sweet MemoriesUITests */,
			);
			name = "Sweet MemoriesUITests";
			packageProductDependencies = (
			);
			productName = "Sweet MemoriesUITests";
			productReference = 3C3A0F1E2D5BF49500666F29 /* Sweet MemoriesUITests.xctest */;
			productType = "com.apple.product-type.bundle.ui-testing";
		};
/* End PBXNativeTarget section */

/* Begin PBXProject section */
		3C3A0EFC2D5BF49400666F29 /* Project object */ = {
			isa = PBXProject;
			attributes = {
				BuildIndependentTargetsInParallel = 1;
				LastSwiftUpdateCheck = 1620;
				LastUpgradeCheck = 1620;
				TargetAttributes = {
					3C3A0F032D5BF49400666F29 = {
						CreatedOnToolsVersion = 16.2;
					};
					3C3A0F132D5BF49500666F29 = {
						CreatedOnToolsVersion = 16.2;
						TestTargetID = 3C3A0F032D5BF49400666F29;
					};
					3C3A0F1D2D5BF49500666F29 = {
						CreatedOnToolsVersion = 16.2;
						TestTargetID = 3C3A0F032D5BF49400666F29;
					};
				};
			};
			buildConfigurationList = 3C3A0EFF2D5BF49400666F29 /* Build configuration list for PBXProject "Sweet Memories" */;
			developmentRegion = en;
			hasScannedForEncodings = 0;
			knownRegions = (
				en,
				Base,
			);
			mainGroup = 3C3A0EFB2D5BF49400666F29;
			minimizedProjectReferenceProxies = 1;
			preferredProjectObjectVersion = 77;
			productRefGroup = 3C3A0F052D5BF49400666F29 /* Products */;
			projectDirPath = "";
			projectRoot = "";
			targets = (
				3C3A0F032D5BF49400666F29 /* Sweet Memories */,
				3C3A0F132D5BF49500666F29 /* Sweet MemoriesTests */,
				3C3A0F1D2D5BF49500666F29 /* Sweet MemoriesUITests */,
			);
		};
/* End PBXProject section */

/* Begin PBXResourcesBuildPhase section */
		3C3A0F022D5BF49400666F29 /* Resources */ = {
			isa = PBXResourcesBuildPhase;
			buildActionMask = 2147483647;
			files = (
			);
			runOnlyForDeploymentPostprocessing = 0;
		};
		3C3A0F122D5BF49500666F29 /* Resources */ = {
			isa = PBXResourcesBuildPhase;
			buildActionMask = 2147483647;
			files = (
			);
			runOnlyForDeploymentPostprocessing = 0;
		};
		3C3A0F1C2D5BF49500666F29 /* Resources */ = {
			isa = PBXResourcesBuildPhase;
			buildActionMask = 2147483647;
			files = (
			);
			runOnlyForDeploymentPostprocessing = 0;
		};
/* End PBXResourcesBuildPhase section */

/* Begin PBXSourcesBuildPhase section */
		3C3A0F002D5BF49400666F29 /* Sources */ = {
			isa = PBXSourcesBuildPhase;
			buildActionMask = 2147483647;
			files = (
			);
			runOnlyForDeploymentPostprocessing = 0;
		};
		3C3A0F102D5BF49500666F29 /* Sources */ = {
			isa = PBXSourcesBuildPhase;
			buildActionMask = 2147483647;
			files = (
			);
			runOnlyForDeploymentPostprocessing = 0;
		};
		3C3A0F1A2D5BF49500666F29 /* Sources */ = {
			isa = PBXSourcesBuildPhase;
			buildActionMask = 2147483647;
			files = (
			);
			runOnlyForDeploymentPostprocessing = 0;
		};
/* End PBXSourcesBuildPhase section */

/* Begin PBXTargetDependency section */
		3C3A0F162D5BF49500666F29 /* PBXTargetDependency */ = {
			isa = PBXTargetDependency;
			target = 3C3A0F032D5BF49400666F29 /* Sweet Memories */;
			targetProxy = 3C3A0F152D5BF49500666F29 /* PBXContainerItemProxy */;
		};
		3C3A0F202D5BF49500666F29 /* PBXTargetDependency */ = {
			isa = PBXTargetDependency;
			target = 3C3A0F032D5BF49400666F29 /* Sweet Memories */;
			targetProxy = 3C3A0F1F2D5BF49500666F29 /* PBXContainerItemProxy */;
		};
/* End PBXTargetDependency section */

/* Begin XCBuildConfiguration section */
		3C3A0F262D5BF49500666F29 /* Debug */ = {
			isa = XCBuildConfiguration;
			buildSettings = {
				ALWAYS_SEARCH_USER_PATHS = NO;
				ASSETCATALOG_COMPILER_GENERATE_SWIFT_ASSET_SYMBOL_EXTENSIONS = YES;
				CLANG_ANALYZER_NONNULL = YES;
				CLANG_ANALYZER_NUMBER_OBJECT_CONVERSION = YES_AGGRESSIVE;
				CLANG_CXX_LANGUAGE_STANDARD = "gnu++20";
				CLANG_ENABLE_MODULES = YES;
				CLANG_ENABLE_OBJC_ARC = YES;
				CLANG_ENABLE_OBJC_WEAK = YES;
				CLANG_WARN_BLOCK_CAPTURE_AUTORELEASING = YES;
				CLANG_WARN_BOOL_CONVERSION = YES;
				CLANG_WARN_COMMA = YES;
				CLANG_WARN_CONSTANT_CONVERSION = YES;
				CLANG_WARN_DEPRECATED_OBJC_IMPLEMENTATIONS = YES;
				CLANG_WARN_DIRECT_OBJC_ISA_USAGE = YES_ERROR;
				CLANG_WARN_DOCUMENTATION_COMMENTS = YES;
				CLANG_WARN_EMPTY_BODY = YES;
				CLANG_WARN_ENUM_CONVERSION = YES;
				CLANG_WARN_INFINITE_RECURSION = YES;
				CLANG_WARN_INT_CONVERSION = YES;
				CLANG_WARN_NON_LITERAL_NULL_CONVERSION = YES;
				CLANG_WARN_OBJC_IMPLICIT_RETAIN_SELF = YES;
				CLANG_WARN_OBJC_LITERAL_CONVERSION = YES;
				CLANG_WARN_OBJC_ROOT_CLASS = YES_ERROR;
				CLANG_WARN_QUOTED_INCLUDE_IN_FRAMEWORK_HEADER = YES;
				CLANG_WARN_RANGE_LOOP_ANALYSIS = YES;
				CLANG_WARN_STRICT_PROTOTYPES = YES;
				CLANG_WARN_SUSPICIOUS_MOVE = YES;
				CLANG_WARN_UNGUARDED_AVAILABILITY = YES_AGGRESSIVE;
				CLANG_WARN_UNREACHABLE_CODE = YES;
				CLANG_WARN__DUPLICATE_METHOD_MATCH = YES;
				COPY_PHASE_STRIP = NO;
				DEBUG_INFORMATION_FORMAT = dwarf;
				ENABLE_STRICT_OBJC_MSGSEND = YES;
				ENABLE_TESTABILITY = YES;
				ENABLE_USER_SCRIPT_SANDBOXING = YES;
				GCC_C_LANGUAGE_STANDARD = gnu17;
				GCC_DYNAMIC_NO_PIC = NO;
				GCC_NO_COMMON_BLOCKS = YES;
				GCC_OPTIMIZATION_LEVEL = 0;
				GCC_PREPROCESSOR_DEFINITIONS = (
					"DEBUG=1",
					"$(inherited)",
				);
				GCC_WARN_64_TO_32_BIT_CONVERSION = YES;
				GCC_WARN_ABOUT_RETURN_TYPE = YES_ERROR;
				GCC_WARN_UNDECLARED_SELECTOR = YES;
				GCC_WARN_UNINITIALIZED_AUTOS = YES_AGGRESSIVE;
				GCC_WARN_UNUSED_FUNCTION = YES;
				GCC_WARN_UNUSED_VARIABLE = YES;
				IPHONEOS_DEPLOYMENT_TARGET = 18.2;
				LOCALIZATION_PREFERS_STRING_CATALOGS = YES;
				MTL_ENABLE_DEBUG_INFO = INCLUDE_SOURCE;
				MTL_FAST_MATH = YES;
				ONLY_ACTIVE_ARCH = YES;
				SDKROOT = iphoneos;
				SWIFT_ACTIVE_COMPILATION_CONDITIONS = "DEBUG $(inherited)";
				SWIFT_OPTIMIZATION_LEVEL = "-Onone";
			};
			name = Debug;
		};
		3C3A0F272D5BF49500666F29 /* Release */ = {
			isa = XCBuildConfiguration;
			buildSettings = {
				ALWAYS_SEARCH_USER_PATHS = NO;
				ASSETCATALOG_COMPILER_GENERATE_SWIFT_ASSET_SYMBOL_EXTENSIONS = YES;
				CLANG_ANALYZER_NONNULL = YES;
				CLANG_ANALYZER_NUMBER_OBJECT_CONVERSION = YES_AGGRESSIVE;
				CLANG_CXX_LANGUAGE_STANDARD = "gnu++20";
				CLANG_ENABLE_MODULES = YES;
				CLANG_ENABLE_OBJC_ARC = YES;
				CLANG_ENABLE_OBJC_WEAK = YES;
				CLANG_WARN_BLOCK_CAPTURE_AUTORELEASING = YES;
				CLANG_WARN_BOOL_CONVERSION = YES;
				CLANG_WARN_COMMA = YES;
				CLANG_WARN_CONSTANT_CONVERSION = YES;
				CLANG_WARN_DEPRECATED_OBJC_IMPLEMENTATIONS = YES;
				CLANG_WARN_DIRECT_OBJC_ISA_USAGE = YES_ERROR;
				CLANG_WARN_DOCUMENTATION_COMMENTS = YES;
				CLANG_WARN_EMPTY_BODY = YES;
				CLANG_WARN_ENUM_CONVERSION = YES;
				CLANG_WARN_INFINITE_RECURSION = YES;
				CLANG_WARN_INT_CONVERSION = YES;
				CLANG_WARN_NON_LITERAL_NULL_CONVERSION = YES;
				CLANG_WARN_OBJC_IMPLICIT_RETAIN_SELF = YES;
				CLANG_WARN_OBJC_LITERAL_CONVERSION = YES;
				CLANG_WARN_OBJC_ROOT_CLASS = YES_ERROR;
				CLANG_WARN_QUOTED_INCLUDE_IN_FRAMEWORK_HEADER = YES;
				CLANG_WARN_RANGE_LOOP_ANALYSIS = YES;
				CLANG_WARN_STRICT_PROTOTYPES = YES;
				CLANG_WARN_SUSPICIOUS_MOVE = YES;
				CLANG_WARN_UNGUARDED_AVAILABILITY = YES_AGGRESSIVE;
				CLANG_WARN_UNREACHABLE_CODE = YES;
				CLANG_WARN__DUPLICATE_METHOD_MATCH = YES;
				COPY_PHASE_STRIP = NO;
				DEBUG_INFORMATION_FORMAT = "dwarf-with-dsym";
				ENABLE_NS_ASSERTIONS = NO;
				ENABLE_STRICT_OBJC_MSGSEND = YES;
				ENABLE_USER_SCRIPT_SANDBOXING = YES;
				GCC_C_LANGUAGE_STANDARD = gnu17;
				GCC_NO_COMMON_BLOCKS = YES;
				GCC_WARN_64_TO_32_BIT_CONVERSION = YES;
				GCC_WARN_ABOUT_RETURN_TYPE = YES_ERROR;
				GCC_WARN_UNDECLARED_SELECTOR = YES;
				GCC_WARN_UNINITIALIZED_AUTOS = YES_AGGRESSIVE;
				GCC_WARN_UNUSED_FUNCTION = YES;
				GCC_WARN_UNUSED_VARIABLE = YES;
				IPHONEOS_DEPLOYMENT_TARGET = 18.2;
				LOCALIZATION_PREFERS_STRING_CATALOGS = YES;
				MTL_ENABLE_DEBUG_INFO = NO;
				MTL_FAST_MATH = YES;
				SDKROOT = iphoneos;
				SWIFT_COMPILATION_MODE = wholemodule;
				VALIDATE_PRODUCT = YES;
			};
			name = Release;
		};
		3C3A0F292D5BF49500666F29 /* Debug */ = {
			isa = XCBuildConfiguration;
			buildSettings = {
				ASSETCATALOG_COMPILER_APPICON_NAME = AppIcon;
				ASSETCATALOG_COMPILER_GLOBAL_ACCENT_COLOR_NAME = AccentColor;
				CODE_SIGN_STYLE = Automatic;
				CURRENT_PROJECT_VERSION = 1;
				DEVELOPMENT_ASSET_PATHS = "\"Sweet Memories/Preview Content\"";
				DEVELOPMENT_TEAM = 392V68F4YP;
				ENABLE_PREVIEWS = YES;
				GENERATE_INFOPLIST_FILE = YES;
				INFOPLIST_KEY_UIApplicationSceneManifest_Generation = YES;
				INFOPLIST_KEY_UIApplicationSupportsIndirectInputEvents = YES;
				INFOPLIST_KEY_UILaunchScreen_Generation = YES;
				INFOPLIST_KEY_UISupportedInterfaceOrientations_iPad = "UIInterfaceOrientationPortrait UIInterfaceOrientationPortraitUpsideDown UIInterfaceOrientationLandscapeLeft UIInterfaceOrientationLandscapeRight";
				INFOPLIST_KEY_UISupportedInterfaceOrientations_iPhone = "UIInterfaceOrientationPortrait UIInterfaceOrientationLandscapeLeft UIInterfaceOrientationLandscapeRight";
				LD_RUNPATH_SEARCH_PATHS = (
					"$(inherited)",
					"@executable_path/Frameworks",
				);
				MARKETING_VERSION = 1.0;
				PRODUCT_BUNDLE_IDENTIFIER = "com.oliviajin.Sweet-Memories";
				PRODUCT_NAME = "$(TARGET_NAME)";
				SWIFT_EMIT_LOC_STRINGS = YES;
				SWIFT_VERSION = 5.0;
				TARGETED_DEVICE_FAMILY = "1,2";
			};
			name = Debug;
		};
		3C3A0F2A2D5BF49500666F29 /* Release */ = {
			isa = XCBuildConfiguration;
			buildSettings = {
				ASSETCATALOG_COMPILER_APPICON_NAME = AppIcon;
				ASSETCATALOG_COMPILER_GLOBAL_ACCENT_COLOR_NAME = AccentColor;
				CODE_SIGN_STYLE = Automatic;
				CURRENT_PROJECT_VERSION = 1;
				DEVELOPMENT_ASSET_PATHS = "\"Sweet Memories/Preview Content\"";
				DEVELOPMENT_TEAM = 392V68F4YP;
				ENABLE_PREVIEWS = YES;
				GENERATE_INFOPLIST_FILE = YES;
				INFOPLIST_KEY_UIApplicationSceneManifest_Generation = YES;
				INFOPLIST_KEY_UIApplicationSupportsIndirectInputEvents = YES;
				INFOPLIST_KEY_UILaunchScreen_Generation = YES;
				INFOPLIST_KEY_UISupportedInterfaceOrientations_iPad = "UIInterfaceOrientationPortrait UIInterfaceOrientationPortraitUpsideDown UIInterfaceOrientationLandscapeLeft UIInterfaceOrientationLandscapeRight";
				INFOPLIST_KEY_UISupportedInterfaceOrientations_iPhone = "UIInterfaceOrientationPortrait UIInterfaceOrientationLandscapeLeft UIInterfaceOrientationLandscapeRight";
				LD_RUNPATH_SEARCH_PATHS = (
					"$(inherited)",
					"@executable_path/Frameworks",
				);
				MARKETING_VERSION = 1.0;
				PRODUCT_BUNDLE_IDENTIFIER = "com.oliviajin.Sweet-Memories";
				PRODUCT_NAME = "$(TARGET_NAME)";
				SWIFT_EMIT_LOC_STRINGS = YES;
				SWIFT_VERSION = 5.0;
				TARGETED_DEVICE_FAMILY = "1,2";
			};
			name = Release;
		};
		3C3A0F2C2D5BF49500666F29 /* Debug */ = {
			isa = XCBuildConfiguration;
			buildSettings = {
				BUNDLE_LOADER = "$(TEST_HOST)";
				CODE_SIGN_STYLE = Automatic;
				CURRENT_PROJECT_VERSION = 1;
				GENERATE_INFOPLIST_FILE = YES;
				IPHONEOS_DEPLOYMENT_TARGET = 18.2;
				MARKETING_VERSION = 1.0;
				PRODUCT_BUNDLE_IDENTIFIER = "com.oliviajin.Sweet-MemoriesTests";
				PRODUCT_NAME = "$(TARGET_NAME)";
				SWIFT_EMIT_LOC_STRINGS = NO;
				SWIFT_VERSION = 5.0;
				TARGETED_DEVICE_FAMILY = "1,2";
				TEST_HOST = "$(BUILT_PRODUCTS_DIR)/Sweet Memories.app/$(BUNDLE_EXECUTABLE_FOLDER_PATH)/Sweet Memories";
			};
			name = Debug;
		};
		3C3A0F2D2D5BF49500666F29 /* Release */ = {
			isa = XCBuildConfiguration;
			buildSettings = {
				BUNDLE_LOADER = "$(TEST_HOST)";
				CODE_SIGN_STYLE = Automatic;
				CURRENT_PROJECT_VERSION = 1;
				GENERATE_INFOPLIST_FILE = YES;
				IPHONEOS_DEPLOYMENT_TARGET = 18.2;
				MARKETING_VERSION = 1.0;
				PRODUCT_BUNDLE_IDENTIFIER = "com.oliviajin.Sweet-MemoriesTests";
				PRODUCT_NAME = "$(TARGET_NAME)";
				SWIFT_EMIT_LOC_STRINGS = NO;
				SWIFT_VERSION = 5.0;
				TARGETED_DEVICE_FAMILY = "1,2";
				TEST_HOST = "$(BUILT_PRODUCTS_DIR)/Sweet Memories.app/$(BUNDLE_EXECUTABLE_FOLDER_PATH)/Sweet Memories";
			};
			name = Release;
		};
		3C3A0F2F2D5BF49500666F29 /* Debug */ = {
			isa = XCBuildConfiguration;
			buildSettings = {
				CODE_SIGN_STYLE = Automatic;
				CURRENT_PROJECT_VERSION = 1;
				GENERATE_INFOPLIST_FILE = YES;
				MARKETING_VERSION = 1.0;
				PRODUCT_BUNDLE_IDENTIFIER = "com.oliviajin.Sweet-MemoriesUITests";
				PRODUCT_NAME = "$(TARGET_NAME)";
				SWIFT_EMIT_LOC_STRINGS = NO;
				SWIFT_VERSION = 5.0;
				TARGETED_DEVICE_FAMILY = "1,2";
				TEST_TARGET_NAME = "Sweet Memories";
			};
			name = Debug;
		};
		3C3A0F302D5BF49500666F29 /* Release */ = {
			isa = XCBuildConfiguration;
			buildSettings = {
				CODE_SIGN_STYLE = Automatic;
				CURRENT_PROJECT_VERSION = 1;
				GENERATE_INFOPLIST_FILE = YES;
				MARKETING_VERSION = 1.0;
				PRODUCT_BUNDLE_IDENTIFIER = "com.oliviajin.Sweet-MemoriesUITests";
				PRODUCT_NAME = "$(TARGET_NAME)";
				SWIFT_EMIT_LOC_STRINGS = NO;
				SWIFT_VERSION = 5.0;
				TARGETED_DEVICE_FAMILY = "1,2";
				TEST_TARGET_NAME = "Sweet Memories";
			};
			name = Release;
		};
/* End XCBuildConfiguration section */

/* Begin XCConfigurationList section */
		3C3A0EFF2D5BF49400666F29 /* Build configuration list for PBXProject "Sweet Memories" */ = {
			isa = XCConfigurationList;
			buildConfigurations = (
				3C3A0F262D5BF49500666F29 /* Debug */,
				3C3A0F272D5BF49500666F29 /* Release */,
			);
			defaultConfigurationIsVisible = 0;
			defaultConfigurationName = Release;
		};
		3C3A0F282D5BF49500666F29 /* Build configuration list for PBXNativeTarget "Sweet Memories" */ = {
			isa = XCConfigurationList;
			buildConfigurations = (
				3C3A0F292D5BF49500666F29 /* Debug */,
				3C3A0F2A2D5BF49500666F29 /* Release */,
			);
			defaultConfigurationIsVisible = 0;
			defaultConfigurationName = Release;
		};
		3C3A0F2B2D5BF49500666F29 /* Build configuration list for PBXNativeTarget "Sweet MemoriesTests" */ = {
			isa = XCConfigurationList;
			buildConfigurations = (
				3C3A0F2C2D5BF49500666F29 /* Debug */,
				3C3A0F2D2D5BF49500666F29 /* Release */,
			);
			defaultConfigurationIsVisible = 0;
			defaultConfigurationName = Release;
		};
		3C3A0F2E2D5BF49500666F29 /* Build configuration list for PBXNativeTarget "Sweet MemoriesUITests" */ = {
			isa = XCConfigurationList;
			buildConfigurations = (
				3C3A0F2F2D5BF49500666F29 /* Debug */,
				3C3A0F302D5BF49500666F29 /* Release */,
			);
			defaultConfigurationIsVisible = 0;
			defaultConfigurationName = Release;
		};
/* End XCConfigurationList section */
	};
	rootObject = 3C3A0EFC2D5BF49400666F29 /* Project object */;
}
